
Microsoft Visual Studio Solution File, Format Version 12.00
# Visual Studio Version 17
VisualStudioVersion = 17.8.34322.80
MinimumVisualStudioVersion = 10.0.40219.1
Project("{FAE04EC0-301F-11D3-BF4B-00C04F79EFBC}") = "NUnit_E2", "NUnit_E2\NUnit_E2.csproj", "{3A502456-46BC-4102-875B-14E033C65087}"
EndProject
Global
	GlobalSection(SolutionConfigurationPlatforms) = preSolution
		Debug|Any CPU = Debug|Any CPU
		Release|Any CPU = Release|Any CPU
	EndGlobalSection
	GlobalSection(ProjectConfigurationPlatforms) = postSolution
		{3A502456-46BC-4102-875B-14E033C65087}.Debug|Any CPU.ActiveCfg = Debug|Any CPU
		{3A502456-46BC-4102-875B-14E033C65087}.Debug|Any CPU.Build.0 = Debug|Any CPU
		{3A502456-46BC-4102-875B-14E033C65087}.Release|Any CPU.ActiveCfg = Release|Any CPU
		{3A502456-46BC-4102-875B-14E033C65087}.Release|Any CPU.Build.0 = Release|Any CPU
	EndGlobalSection
	GlobalSection(SolutionProperties) = preSolution
		HideSolutionNode = FALSE
	EndGlobalSection
	GlobalSection(ExtensibilityGlobals) = postSolution
		SolutionGuid = {2E54704F-6F51-456D-9182-2A064FF85A5C}
	EndGlobalSection
EndGlobal
